
Microsoft Visual Studio Solution File, Format Version 12.00
# Visual Studio Version 17
VisualStudioVersion = 17.14.37012.4
MinimumVisualStudioVersion = 10.0.40219.1
Project("{FAE04EC0-301F-11D3-BF4B-00C04F79EFBC}") = "Loco1.Web", "Loco1.Web\Loco1.Web.csproj", "{4AC8F850-CD6C-4D9B-A1AF-55B53FDDE000}"
EndProject
Project("{FAE04EC0-301F-11D3-BF4B-00C04F79EFBC}") = "GCommon", "GCommon\GCommon.csproj", "{94E02CE6-AE2B-4A53-B35D-690AA8136F3A}"
EndProject
Project("{FAE04EC0-301F-11D3-BF4B-00C04F79EFBC}") = "Loco1.Service", "Loco1.Service\Loco1.Service.csproj", "{2A8226EF-AB89-4C73-9999-3586EC366878}"
EndProject
Project("{FAE04EC0-301F-11D3-BF4B-00C04F79EFBC}") = "Loco1.ViewModels", "Loco1.ViewModels\Loco1.ViewModels.csproj", "{585D8C84-1497-4866-A1EF-B4B76D25BB40}"
EndProject
Project("{FAE04EC0-301F-11D3-BF4B-00C04F79EFBC}") = "Loco1.Localizer", "Loco1.Localizer\Loco1.Localizer.csproj", "{E2FA37AB-62A6-4F8E-BD4E-6CA84FED8447}"
EndProject
Project("{FAE04EC0-301F-11D3-BF4B-00C04F79EFBC}") = "Loco1.Repositories", "Loco1.Repositories\Loco1.Repositories.csproj", "{6F7B4A22-B3BB-5AEF-F837-FB1271838122}"
EndProject
Project("{FAE04EC0-301F-11D3-BF4B-00C04F79EFBC}") = "Loco1.Data", "Loco1.Data\Loco1.Data.csproj", "{6E303F85-79EE-DDBC-A0E2-C009DFEE1E80}"
EndProject
Global
	GlobalSection(SolutionConfigurationPlatforms) = preSolution
		Debug|Any CPU = Debug|Any CPU
		Debug|x64 = Debug|x64
		Debug|x86 = Debug|x86
		Release|Any CPU = Release|Any CPU
		Release|x64 = Release|x64
		Release|x86 = Release|x86
	EndGlobalSection
	GlobalSection(ProjectConfigurationPlatforms) = postSolution
		{4AC8F850-CD6C-4D9B-A1AF-55B53FDDE000}.Debug|Any CPU.ActiveCfg = Debug|Any CPU
		{4AC8F850-CD6C-4D9B-A1AF-55B53FDDE000}.Debug|Any CPU.Build.0 = Debug|Any CPU
		{4AC8F850-CD6C-4D9B-A1AF-55B53FDDE000}.Debug|x64.ActiveCfg = Debug|Any CPU
		{4AC8F850-CD6C-4D9B-A1AF-55B53FDDE000}.Debug|x64.Build.0 = Debug|Any CPU
		{4AC8F850-CD6C-4D9B-A1AF-55B53FDDE000}.Debug|x86.ActiveCfg = Debug|Any CPU
		{4AC8F850-CD6C-4D9B-A1AF-55B53FDDE000}.Debug|x86.Build.0 = Debug|Any CPU
		{4AC8F850-CD6C-4D9B-A1AF-55B53FDDE000}.Release|Any CPU.ActiveCfg = Release|Any CPU
		{4AC8F850-CD6C-4D9B-A1AF-55B53FDDE000}.Release|Any CPU.Build.0 = Release|Any CPU
		{4AC8F850-CD6C-4D9B-A1AF-55B53FDDE000}.Release|x64.ActiveCfg = Release|Any CPU
		{4AC8F850-CD6C-4D9B-A1AF-55B53FDDE000}.Release|x64.Build.0 = Release|Any CPU
		{4AC8F850-CD6C-4D9B-A1AF-55B53FDDE000}.Release|x86.ActiveCfg = Release|Any CPU
		{4AC8F850-CD6C-4D9B-A1AF-55B53FDDE000}.Release|x86.Build.0 = Release|Any CPU
		{94E02CE6-AE2B-4A53-B35D-690AA8136F3A}.Debug|Any CPU.ActiveCfg = Debug|Any CPU
		{94E02CE6-AE2B-4A53-B35D-690AA8136F3A}.Debug|Any CPU.Build.0 = Debug|Any CPU
		{94E02CE6-AE2B-4A53-B35D-690AA8136F3A}.Debug|x64.ActiveCfg = Debug|Any CPU
		{94E02CE6-AE2B-4A53-B35D-690AA8136F3A}.Debug|x64.Build.0 = Debug|Any CPU
		{94E02CE6-AE2B-4A53-B35D-690AA8136F3A}.Debug|x86.ActiveCfg = Debug|Any CPU
		{94E02CE6-AE2B-4A53-B35D-690AA8136F3A}.Debug|x86.Build.0 = Debug|Any CPU
		{94E02CE6-AE2B-4A53-B35D-690AA8136F3A}.Release|Any CPU.ActiveCfg = Release|Any CPU
		{94E02CE6-AE2B-4A53-B35D-690AA8136F3A}.Release|Any CPU.Build.0 = Release|Any CPU
		{94E02CE6-AE2B-4A53-B35D-690AA8136F3A}.Release|x64.ActiveCfg = Release|Any CPU
		{94E02CE6-AE2B-4A53-B35D-690AA8136F3A}.Release|x64.Build.0 = Release|Any CPU
		{94E02CE6-AE2B-4A53-B35D-690AA8136F3A}.Release|x86.ActiveCfg = Release|Any CPU
		{94E02CE6-AE2B-4A53-B35D-690AA8136F3A}.Release|x86.Build.0 = Release|Any CPU
		{2A8226EF-AB89-4C73-9999-3586EC366878}.Debug|Any CPU.ActiveCfg = Debug|Any CPU
		{2A8226EF-AB89-4C73-9999-3586EC366878}.Debug|Any CPU.Build.0 = Debug|Any CPU
		{2A8226EF-AB89-4C73-9999-3586EC366878}.Debug|x64.ActiveCfg = Debug|Any CPU
		{2A8226EF-AB89-4C73-9999-3586EC366878}.Debug|x64.Build.0 = Debug|Any CPU
		{2A8226EF-AB89-4C73-9999-3586EC366878}.Debug|x86.ActiveCfg = Debug|Any CPU
		{2A8226EF-AB89-4C73-9999-3586EC366878}.Debug|x86.Build.0 = Debug|Any CPU
		{2A8226EF-AB89-4C73-9999-3586EC366878}.Release|Any CPU.ActiveCfg = Release|Any CPU
		{2A8226EF-AB89-4C73-9999-3586EC366878}.Release|Any CPU.Build.0 = Release|Any CPU
		{2A8226EF-AB89-4C73-9999-3586EC366878}.Release|x64.ActiveCfg = Release|Any CPU
		{2A8226EF-AB89-4C73-9999-3586EC366878}.Release|x64.Build.0 = Release|Any CPU
		{2A8226EF-AB89-4C73-9999-3586EC366878}.Release|x86.ActiveCfg = Release|Any CPU
		{2A8226EF-AB89-4C73-9999-3586EC366878}.Release|x86.Build.0 = Release|Any CPU
		{585D8C84-1497-4866-A1EF-B4B76D25BB40}.Debug|Any CPU.ActiveCfg = Debug|Any CPU
		{585D8C84-1497-4866-A1EF-B4B76D25BB40}.Debug|Any CPU.Build.0 = Debug|Any CPU
		{585D8C84-1497-4866-A1EF-B4B76D25BB40}.Debug|x64.ActiveCfg = Debug|Any CPU
		{585D8C84-1497-4866-A1EF-B4B76D25BB40}.Debug|x64.Build.0 = Debug|Any CPU
		{585D8C84-1497-4866-A1EF-B4B76D25BB40}.Debug|x86.ActiveCfg = Debug|Any CPU
		{585D8C84-1497-4866-A1EF-B4B76D25BB40}.Debug|x86.Build.0 = Debug|Any CPU
		{585D8C84-1497-4866-A1EF-B4B76D25BB40}.Release|Any CPU.ActiveCfg = Release|Any CPU
		{585D8C84-1497-4866-A1EF-B4B76D25BB40}.Release|Any CPU.Build.0 = Release|Any CPU
		{585D8C84-1497-4866-A1EF-B4B76D25BB40}.Release|x64.ActiveCfg = Release|Any CPU
		{585D8C84-1497-4866-A1EF-B4B76D25BB40}.Release|x64.Build.0 = Release|Any CPU
		{585D8C84-1497-4866-A1EF-B4B76D25BB40}.Release|x86.ActiveCfg = Release|Any CPU
		{585D8C84-1497-4866-A1EF-B4B76D25BB40}.Release|x86.Build.0 = Release|Any CPU
		{E2FA37AB-62A6-4F8E-BD4E-6CA84FED8447}.Debug|Any CPU.ActiveCfg = Debug|Any CPU
		{E2FA37AB-62A6-4F8E-BD4E-6CA84FED8447}.Debug|Any CPU.Build.0 = Debug|Any CPU
		{E2FA37AB-62A6-4F8E-BD4E-6CA84FED8447}.Debug|x64.ActiveCfg = Debug|Any CPU
		{E2FA37AB-62A6-4F8E-BD4E-6CA84FED8447}.Debug|x64.Build.0 = Debug|Any CPU
		{E2FA37AB-62A6-4F8E-BD4E-6CA84FED8447}.Debug|x86.ActiveCfg = Debug|Any CPU
		{E2FA37AB-62A6-4F8E-BD4E-6CA84FED8447}.Debug|x86.Build.0 = Debug|Any CPU
		{E2FA37AB-62A6-4F8E-BD4E-6CA84FED8447}.Release|Any CPU.ActiveCfg = Release|Any CPU
		{E2FA37AB-62A6-4F8E-BD4E-6CA84FED8447}.Release|Any CPU.Build.0 = Release|Any CPU
		{E2FA37AB-62A6-4F8E-BD4E-6CA84FED8447}.Release|x64.ActiveCfg = Release|Any CPU
		{E2FA37AB-62A6-4F8E-BD4E-6CA84FED8447}.Release|x64.Build.0 = Release|Any CPU
		{E2FA37AB-62A6-4F8E-BD4E-6CA84FED8447}.Release|x86.ActiveCfg = Release|Any CPU
		{E2FA37AB-62A6-4F8E-BD4E-6CA84FED8447}.Release|x86.Build.0 = Release|Any CPU
		{6F7B4A22-B3BB-5AEF-F837-FB1271838122}.Debug|Any CPU.ActiveCfg = Debug|Any CPU
		{6F7B4A22-B3BB-5AEF-F837-FB1271838122}.Debug|Any CPU.Build.0 = Debug|Any CPU
		{6F7B4A22-B3BB-5AEF-F837-FB1271838122}.Debug|x64.ActiveCfg = Debug|Any CPU
		{6F7B4A22-B3BB-5AEF-F837-FB1271838122}.Debug|x64.Build.0 = Debug|Any CPU
		{6F7B4A22-B3BB-5AEF-F837-FB1271838122}.Debug|x86.ActiveCfg = Debug|Any CPU
		{6F7B4A22-B3BB-5AEF-F837-FB1271838122}.Debug|x86.Build.0 = Debug|Any CPU
		{6F7B4A22-B3BB-5AEF-F837-FB1271838122}.Release|Any CPU.ActiveCfg = Release|Any CPU
		{6F7B4A22-B3BB-5AEF-F837-FB1271838122}.Release|Any CPU.Build.0 = Release|Any CPU
		{6F7B4A22-B3BB-5AEF-F837-FB1271838122}.Release|x64.ActiveCfg = Release|Any CPU
		{6F7B4A22-B3BB-5AEF-F837-FB1271838122}.Release|x64.Build.0 = Release|Any CPU
		{6F7B4A22-B3BB-5AEF-F837-FB1271838122}.Release|x86.ActiveCfg = Release|Any CPU
		{6F7B4A22-B3BB-5AEF-F837-FB1271838122}.Release|x86.Build.0 = Release|Any CPU
		{6E303F85-79EE-DDBC-A0E2-C009DFEE1E80}.Debug|Any CPU.ActiveCfg = Debug|Any CPU
		{6E303F85-79EE-DDBC-A0E2-C009DFEE1E80}.Debug|Any CPU.Build.0 = Debug|Any CPU
		{6E303F85-79EE-DDBC-A0E2-C009DFEE1E80}.Debug|x64.ActiveCfg = Debug|Any CPU
		{6E303F85-79EE-DDBC-A0E2-C009DFEE1E80}.Debug|x64.Build.0 = Debug|Any CPU
		{6E303F85-79EE-DDBC-A0E2-C009DFEE1E80}.Debug|x86.ActiveCfg = Debug|Any CPU
		{6E303F85-79EE-DDBC-A0E2-C009DFEE1E80}.Debug|x86.Build.0 = Debug|Any CPU
		{6E303F85-79EE-DDBC-A0E2-C009DFEE1E80}.Release|Any CPU.ActiveCfg = Release|Any CPU
		{6E303F85-79EE-DDBC-A0E2-C009DFEE1E80}.Release|Any CPU.Build.0 = Release|Any CPU
		{6E303F85-79EE-DDBC-A0E2-C009DFEE1E80}.Release|x64.ActiveCfg = Release|Any CPU
		{6E303F85-79EE-DDBC-A0E2-C009DFEE1E80}.Release|x64.Build.0 = Release|Any CPU
		{6E303F85-79EE-DDBC-A0E2-C009DFEE1E80}.Release|x86.ActiveCfg = Release|Any CPU
		{6E303F85-79EE-DDBC-A0E2-C009DFEE1E80}.Release|x86.Build.0 = Release|Any CPU
	EndGlobalSection
	GlobalSection(SolutionProperties) = preSolution
		HideSolutionNode = FALSE
	EndGlobalSection
	GlobalSection(ExtensibilityGlobals) = postSolution
		SolutionGuid = {B73AC195-7559-4D37-97D1-8D70C4F3ADD1}
	EndGlobalSection
EndGlobal
